
Microsoft Visual Studio Solution File, Format Version 12.00
# Visual Studio 15
VisualStudioVersion = 15.0.28307.779
MinimumVisualStudioVersion = 10.0.40219.1
Project("{FAE04EC0-301F-11D3-BF4B-00C04F79EFBC}") = "PrimeiraAPP_MVC_PISO", "PrimeiraAPP_MVC_PISO\PrimeiraAPP_MVC_PISO.csproj", "{9F0BC50D-3213-416D-AA3D-1E0E8896C168}"
EndProject
Global
	GlobalSection(SolutionConfigurationPlatforms) = preSolution
		Debug|Any CPU = Debug|Any CPU
		Release|Any CPU = Release|Any CPU
	EndGlobalSection
	GlobalSection(ProjectConfigurationPlatforms) = postSolution
		{9F0BC50D-3213-416D-AA3D-1E0E8896C168}.Debug|Any CPU.ActiveCfg = Debug|Any CPU
		{9F0BC50D-3213-416D-AA3D-1E0E8896C168}.Debug|Any CPU.Build.0 = Debug|Any CPU
		{9F0BC50D-3213-416D-AA3D-1E0E8896C168}.Release|Any CPU.ActiveCfg = Release|Any CPU
		{9F0BC50D-3213-416D-AA3D-1E0E8896C168}.Release|Any CPU.Build.0 = Release|Any CPU
	EndGlobalSection
	GlobalSection(SolutionProperties) = preSolution
		HideSolutionNode = FALSE
	EndGlobalSection
	GlobalSection(ExtensibilityGlobals) = postSolution
		SolutionGuid = {D79117FD-0704-4BC0-ACCD-D47E06F39813}
	EndGlobalSection
EndGlobal
